
Microsoft Visual Studio Solution File, Format Version 12.00
# Visual Studio Version 17
VisualStudioVersion = 17.7.34024.191
MinimumVisualStudioVersion = 10.0.40219.1
Project("{FAE04EC0-301F-11D3-BF4B-00C04F79EFBC}") = "N13310026", "N13310026\N13310026.csproj", "{F7E287A5-2C0F-488E-A82B-440EF5285426}"
EndProject
Global
	GlobalSection(SolutionConfigurationPlatforms) = preSolution
		Debug|Any CPU = Debug|Any CPU
		Release|Any CPU = Release|Any CPU
	EndGlobalSection
	GlobalSection(ProjectConfigurationPlatforms) = postSolution
		{F7E287A5-2C0F-488E-A82B-440EF5285426}.Debug|Any CPU.ActiveCfg = Debug|Any CPU
		{F7E287A5-2C0F-488E-A82B-440EF5285426}.Debug|Any CPU.Build.0 = Debug|Any CPU
		{F7E287A5-2C0F-488E-A82B-440EF5285426}.Release|Any CPU.ActiveCfg = Release|Any CPU
		{F7E287A5-2C0F-488E-A82B-440EF5285426}.Release|Any CPU.Build.0 = Release|Any CPU
	EndGlobalSection
	GlobalSection(SolutionProperties) = preSolution
		HideSolutionNode = FALSE
	EndGlobalSection
	GlobalSection(ExtensibilityGlobals) = postSolution
		SolutionGuid = {0A28AD76-0B3A-4663-842C-92BE97A6FFD1}
	EndGlobalSection
EndGlobal
